
Microsoft Visual Studio Solution File, Format Version 12.00
# Visual Studio Version 17
VisualStudioVersion = 17.11.35219.272
MinimumVisualStudioVersion = 10.0.40219.1
Project("{FAE04EC0-301F-11D3-BF4B-00C04F79EFBC}") = "RentalCar-Version1", "RentalCar-Version1\RentalCar-Version1.csproj", "{36FC8155-A004-4108-B38A-440AE13CBAA8}"
EndProject
Project("{FAE04EC0-301F-11D3-BF4B-00C04F79EFBC}") = "Logic-Tier", "Logic-Tier\Logic-Tier.csproj", "{BCCA7952-92B3-4C5B-80D9-537831FF85F1}"
EndProject
Project("{FAE04EC0-301F-11D3-BF4B-00C04F79EFBC}") = "Data_Tier", "Data_Tier\Data_Tier.csproj", "{F2FE6F98-10FB-46A7-8A06-21C822146789}"
EndProject
Global
	GlobalSection(SolutionConfigurationPlatforms) = preSolution
		Debug|Any CPU = Debug|Any CPU
		Release|Any CPU = Release|Any CPU
	EndGlobalSection
	GlobalSection(ProjectConfigurationPlatforms) = postSolution
		{36FC8155-A004-4108-B38A-440AE13CBAA8}.Debug|Any CPU.ActiveCfg = Debug|Any CPU
		{36FC8155-A004-4108-B38A-440AE13CBAA8}.Debug|Any CPU.Build.0 = Debug|Any CPU
		{36FC8155-A004-4108-B38A-440AE13CBAA8}.Release|Any CPU.ActiveCfg = Release|Any CPU
		{36FC8155-A004-4108-B38A-440AE13CBAA8}.Release|Any CPU.Build.0 = Release|Any CPU
		{BCCA7952-92B3-4C5B-80D9-537831FF85F1}.Debug|Any CPU.ActiveCfg = Debug|Any CPU
		{BCCA7952-92B3-4C5B-80D9-537831FF85F1}.Debug|Any CPU.Build.0 = Debug|Any CPU
		{BCCA7952-92B3-4C5B-80D9-537831FF85F1}.Release|Any CPU.ActiveCfg = Release|Any CPU
		{BCCA7952-92B3-4C5B-80D9-537831FF85F1}.Release|Any CPU.Build.0 = Release|Any CPU
		{F2FE6F98-10FB-46A7-8A06-21C822146789}.Debug|Any CPU.ActiveCfg = Debug|Any CPU
		{F2FE6F98-10FB-46A7-8A06-21C822146789}.Debug|Any CPU.Build.0 = Debug|Any CPU
		{F2FE6F98-10FB-46A7-8A06-21C822146789}.Release|Any CPU.ActiveCfg = Release|Any CPU
		{F2FE6F98-10FB-46A7-8A06-21C822146789}.Release|Any CPU.Build.0 = Release|Any CPU
	EndGlobalSection
	GlobalSection(SolutionProperties) = preSolution
		HideSolutionNode = FALSE
	EndGlobalSection
	GlobalSection(ExtensibilityGlobals) = postSolution
		SolutionGuid = {0F238E24-D220-4CD8-87A7-AE30164234A8}
	EndGlobalSection
EndGlobal
